{
  "nodes": {
    "flake-parts": {
      "inputs": {
        "nixpkgs-lib": "nixpkgs-lib"
      },
      "locked": {
        "lastModified": 1741352980,
        "narHash": "sha256-+u2UunDA4Cl5Fci3m7S643HzKmIDAe+fiXrLqYsR2fs=",
        "owner": "hercules-ci",
        "repo": "flake-parts",
        "rev": "f4330d22f1c5d2ba72d3d22df5597d123fdb60a9",
        "type": "github"
      },
      "original": {
        "owner": "hercules-ci",
        "repo": "flake-parts",
        "type": "github"
      }
    },
    "nixpkgs": {
      "locked": {
        "lastModified": 1742288794,
        "narHash": "sha256-Txwa5uO+qpQXrNG4eumPSD+hHzzYi/CdaM80M9XRLCo=",
        "owner": "NixOS",
        "repo": "nixpkgs",
        "rev": "b6eaf97c6960d97350c584de1b6dcff03c9daf42",
        "type": "github"
      },
      "original": {
        "owner": "NixOS",
        "ref": "nixos-unstable",
        "repo": "nixpkgs",
        "type": "github"
      }
    },
    "nixpkgs-lib": {
      "locked": {
        "lastModified": 1740877520,
        "narHash": "sha256-oiwv/ZK/2FhGxrCkQkB83i7GnWXPPLzoqFHpDD3uYpk=",
        "owner": "nix-community",
        "repo": "nixpkgs.lib",
        "rev": "147dee35aab2193b174e4c0868bd80ead5ce755c",
        "type": "github"
      },
      "original": {
        "owner": "nix-community",
        "repo": "nixpkgs.lib",
        "type": "github"
      }
    },
    "pelican-plugins": {
      "flake": false,
      "locked": {
        "lastModified": 1742256688,
        "narHash": "sha256-Bjl6by2x0fMHasQLnTq1/t2bIthne9FITa66lHvLMPE=",
        "owner": "getpelican",
        "repo": "pelican-plugins",
        "rev": "4682b65f8c9343557c40ff79c42e920f9cb38a35",
        "type": "github"
      },
      "original": {
        "owner": "getpelican",
        "repo": "pelican-plugins",
        "type": "github"
      }
    },
    "picocss": {
      "flake": false,
      "locked": {
        "lastModified": 1742021068,
        "narHash": "sha256-fGQWYKCpprE9FvU7mbgxks41t8x7GsGvhkzVV95dgec=",
        "owner": "picocss",
        "repo": "pico",
        "rev": "1039a4788d6abc368d5485ae6bac84a8f0e3096f",
        "type": "github"
      },
      "original": {
        "owner": "picocss",
        "ref": "v2.1.1",
        "repo": "pico",
        "type": "github"
      }
    },
    "root": {
      "inputs": {
        "flake-parts": "flake-parts",
        "nixpkgs": "nixpkgs",
        "pelican-plugins": "pelican-plugins",
        "picocss": "picocss"
      }
    }
  },
  "root": "root",
  "version": 7
}
